// !$*UTF8*$!
{
	archiveVersion = 1;
	classes = {
	};
	objectVersion = 46;
	objects = {

/* Begin PBXBuildFile section */
		275B83551D5C2ADC00C867D5 /* main.m in Sources */ = {isa = PBXBuildFile; fileRef = 275B83541D5C2ADC00C867D5 /* main.m */; };
		275B83581D5C2ADC00C867D5 /* AppDelegate.m in Sources */ = {isa = PBXBuildFile; fileRef = 275B83571D5C2ADC00C867D5 /* AppDelegate.m */; };
		275B835B1D5C2ADC00C867D5 /* ViewController.m in Sources */ = {isa = PBXBuildFile; fileRef = 275B835A1D5C2ADC00C867D5 /* ViewController.m */; };
		275B835E1D5C2ADC00C867D5 /* Main.storyboard in Resources */ = {isa = PBXBuildFile; fileRef = 275B835C1D5C2ADC00C867D5 /* Main.storyboard */; };
		275B83601D5C2ADC00C867D5 /* Assets.xcassets in Resources */ = {isa = PBXBuildFile; fileRef = 275B835F1D5C2ADC00C867D5 /* Assets.xcassets */; };
		275B83631D5C2ADC00C867D5 /* LaunchScreen.storyboard in Resources */ = {isa = PBXBuildFile; fileRef = 275B83611D5C2ADC00C867D5 /* LaunchScreen.storyboard */; };
		275B836C1D5C2BCA00C867D5 /* WebViewController.m in Sources */ = {isa = PBXBuildFile; fileRef = 275B836B1D5C2BCA00C867D5 /* WebViewController.m */; };
		275B836E1D5C2CF200C867D5 /* 1.html in Resources */ = {isa = PBXBuildFile; fileRef = 275B836D1D5C2CF200C867D5 /* 1.html */; };
		275B83701D5C3C1B00C867D5 /* 2.html in Resources */ = {isa = PBXBuildFile; fileRef = 275B836F1D5C3C1B00C867D5 /* 2.html */; };
		275B83741D5C3E9800C867D5 /* UIColor+Create.m in Sources */ = {isa = PBXBuildFile; fileRef = 275B83731D5C3E9800C867D5 /* UIColor+Create.m */; };
		275B83771D5C5F3A00C867D5 /* UIWebView+JavaScriptTool.m in Sources */ = {isa = PBXBuildFile; fileRef = 275B83761D5C5F3A00C867D5 /* UIWebView+JavaScriptTool.m */; };
		275B837B1D5C73BF00C867D5 /* JSExportCameraImplement.m in Sources */ = {isa = PBXBuildFile; fileRef = 275B837A1D5C73BF00C867D5 /* JSExportCameraImplement.m */; };
/* End PBXBuildFile section */

/* Begin PBXFileReference section */
		275B83501D5C2ADC00C867D5 /* ChangeNavColor.app */ = {isa = PBXFileReference; explicitFileType = wrapper.application; includeInIndex = 0; path = ChangeNavColor.app; sourceTree = BUILT_PRODUCTS_DIR; };
		275B83541D5C2ADC00C867D5 /* main.m */ = {isa = PBXFileReference; lastKnownFileType = sourcecode.c.objc; path = main.m; sourceTree = "<group>"; };
		275B83561D5C2ADC00C867D5 /* AppDelegate.h */ = {isa = PBXFileReference; lastKnownFileType = sourcecode.c.h; path = AppDelegate.h; sourceTree = "<group>"; };
		275B83571D5C2ADC00C867D5 /* AppDelegate.m */ = {isa = PBXFileReference; lastKnownFileType = sourcecode.c.objc; path = AppDelegate.m; sourceTree = "<group>"; };
		275B83591D5C2ADC00C867D5 /* ViewController.h */ = {isa = PBXFileReference; lastKnownFileType = sourcecode.c.h; path = ViewController.h; sourceTree = "<group>"; };
		275B835A1D5C2ADC00C867D5 /* ViewController.m */ = {isa = PBXFileReference; lastKnownFileType = sourcecode.c.objc; path = ViewController.m; sourceTree = "<group>"; };
		275B835D1D5C2ADC00C867D5 /* Base */ = {isa = PBXFileReference; lastKnownFileType = file.storyboard; name = Base; path = Base.lproj/Main.storyboard; sourceTree = "<group>"; };
		275B835F1D5C2ADC00C867D5 /* Assets.xcassets */ = {isa = PBXFileReference; lastKnownFileType = folder.assetcatalog; path = Assets.xcassets; sourceTree = "<group>"; };
		275B83621D5C2ADC00C867D5 /* Base */ = {isa = PBXFileReference; lastKnownFileType = file.storyboard; name = Base; path = Base.lproj/LaunchScreen.storyboard; sourceTree = "<group>"; };
		275B83641D5C2ADC00C867D5 /* Info.plist */ = {isa = PBXFileReference; lastKnownFileType = text.plist.xml; path = Info.plist; sourceTree = "<group>"; };
		275B836A1D5C2BCA00C867D5 /* WebViewController.h */ = {isa = PBXFileReference; fileEncoding = 4; lastKnownFileType = sourcecode.c.h; path = WebViewController.h; sourceTree = "<group>"; };
		275B836B1D5C2BCA00C867D5 /* WebViewController.m */ = {isa = PBXFileReference; fileEncoding = 4; lastKnownFileType = sourcecode.c.objc; path = WebViewController.m; sourceTree = "<group>"; };
		275B836D1D5C2CF200C867D5 /* 1.html */ = {isa = PBXFileReference; fileEncoding = 4; lastKnownFileType = text.html; path = 1.html; sourceTree = "<group>"; };
		275B836F1D5C3C1B00C867D5 /* 2.html */ = {isa = PBXFileReference; fileEncoding = 4; lastKnownFileType = text.html; path = 2.html; sourceTree = "<group>"; };
		275B83721D5C3E9800C867D5 /* UIColor+Create.h */ = {isa = PBXFileReference; fileEncoding = 4; lastKnownFileType = sourcecode.c.h; path = "UIColor+Create.h"; sourceTree = "<group>"; };
		275B83731D5C3E9800C867D5 /* UIColor+Create.m */ = {isa = PBXFileReference; fileEncoding = 4; lastKnownFileType = sourcecode.c.objc; path = "UIColor+Create.m"; sourceTree = "<group>"; };
		275B83751D5C5F3A00C867D5 /* UIWebView+JavaScriptTool.h */ = {isa = PBXFileReference; fileEncoding = 4; lastKnownFileType = sourcecode.c.h; path = "UIWebView+JavaScriptTool.h"; sourceTree = "<group>"; };
		275B83761D5C5F3A00C867D5 /* UIWebView+JavaScriptTool.m */ = {isa = PBXFileReference; fileEncoding = 4; lastKnownFileType = sourcecode.c.objc; path = "UIWebView+JavaScriptTool.m"; sourceTree = "<group>"; };
		275B83781D5C6FF500C867D5 /* JSExportCamera.h */ = {isa = PBXFileReference; lastKnownFileType = sourcecode.c.h; path = JSExportCamera.h; sourceTree = "<group>"; };
		275B83791D5C73BF00C867D5 /* JSExportCameraImplement.h */ = {isa = PBXFileReference; fileEncoding = 4; lastKnownFileType = sourcecode.c.h; path = JSExportCameraImplement.h; sourceTree = "<group>"; };
		275B837A1D5C73BF00C867D5 /* JSExportCameraImplement.m */ = {isa = PBXFileReference; fileEncoding = 4; lastKnownFileType = sourcecode.c.objc; path = JSExportCameraImplement.m; sourceTree = "<group>"; };
/* End PBXFileReference section */

/* Begin PBXFrameworksBuildPhase section */
		275B834D1D5C2ADC00C867D5 /* Frameworks */ = {
			isa = PBXFrameworksBuildPhase;
			buildActionMask = 2147483647;
			files = (
			);
			runOnlyForDeploymentPostprocessing = 0;
		};
/* End PBXFrameworksBuildPhase section */

/* Begin PBXGroup section */
		275B83471D5C2ADC00C867D5 = {
			isa = PBXGroup;
			children = (
				275B83521D5C2ADC00C867D5 /* ChangeNavColor */,
				275B83511D5C2ADC00C867D5 /* Products */,
			);
			sourceTree = "<group>";
		};
		275B83511D5C2ADC00C867D5 /* Products */ = {
			isa = PBXGroup;
			children = (
				275B83501D5C2ADC00C867D5 /* ChangeNavColor.app */,
			);
			name = Products;
			sourceTree = "<group>";
		};
		275B83521D5C2ADC00C867D5 /* ChangeNavColor */ = {
			isa = PBXGroup;
			children = (
				275B83711D5C3E9800C867D5 /* UIColor */,
				275B83561D5C2ADC00C867D5 /* AppDelegate.h */,
				275B83571D5C2ADC00C867D5 /* AppDelegate.m */,
				275B83591D5C2ADC00C867D5 /* ViewController.h */,
				275B835A1D5C2ADC00C867D5 /* ViewController.m */,
				275B835C1D5C2ADC00C867D5 /* Main.storyboard */,
				275B835F1D5C2ADC00C867D5 /* Assets.xcassets */,
				275B83611D5C2ADC00C867D5 /* LaunchScreen.storyboard */,
				275B83641D5C2ADC00C867D5 /* Info.plist */,
				275B83531D5C2ADC00C867D5 /* Supporting Files */,
				275B836A1D5C2BCA00C867D5 /* WebViewController.h */,
				275B836B1D5C2BCA00C867D5 /* WebViewController.m */,
				275B836D1D5C2CF200C867D5 /* 1.html */,
				275B836F1D5C3C1B00C867D5 /* 2.html */,
				275B83751D5C5F3A00C867D5 /* UIWebView+JavaScriptTool.h */,
				275B83761D5C5F3A00C867D5 /* UIWebView+JavaScriptTool.m */,
				275B83781D5C6FF500C867D5 /* JSExportCamera.h */,
				275B83791D5C73BF00C867D5 /* JSExportCameraImplement.h */,
				275B837A1D5C73BF00C867D5 /* JSExportCameraImplement.m */,
			);
			path = ChangeNavColor;
			sourceTree = "<group>";
		};
		275B83531D5C2ADC00C867D5 /* Supporting Files */ = {
			isa = PBXGroup;
			children = (
				275B83541D5C2ADC00C867D5 /* main.m */,
			);
			name = "Supporting Files";
			sourceTree = "<group>";
		};
		275B83711D5C3E9800C867D5 /* UIColor */ = {
			isa = PBXGroup;
			children = (
				275B83721D5C3E9800C867D5 /* UIColor+Create.h */,
				275B83731D5C3E9800C867D5 /* UIColor+Create.m */,
			);
			path = UIColor;
			sourceTree = "<group>";
		};
/* End PBXGroup section */

/* Begin PBXNativeTarget section */
		275B834F1D5C2ADC00C867D5 /* ChangeNavColor */ = {
			isa = PBXNativeTarget;
			buildConfigurationList = 275B83671D5C2ADC00C867D5 /* Build configuration list for PBXNativeTarget "ChangeNavColor" */;
			buildPhases = (
				275B834C1D5C2ADC00C867D5 /* Sources */,
				275B834D1D5C2ADC00C867D5 /* Frameworks */,
				275B834E1D5C2ADC00C867D5 /* Resources */,
			);
			buildRules = (
			);
			dependencies = (
			);
			name = ChangeNavColor;
			productName = ChangeNavColor;
			productReference = 275B83501D5C2ADC00C867D5 /* ChangeNavColor.app */;
			productType = "com.apple.product-type.application";
		};
/* End PBXNativeTarget section */

/* Begin PBXProject section */
		275B83481D5C2ADC00C867D5 /* Project object */ = {
			isa = PBXProject;
			attributes = {
				LastUpgradeCheck = 0730;
				ORGANIZATIONNAME = Mike;
				TargetAttributes = {
					275B834F1D5C2ADC00C867D5 = {
						CreatedOnToolsVersion = 7.3.1;
					};
				};
			};
			buildConfigurationList = 275B834B1D5C2ADC00C867D5 /* Build configuration list for PBXProject "ChangeNavColor" */;
			compatibilityVersion = "Xcode 3.2";
			developmentRegion = English;
			hasScannedForEncodings = 0;
			knownRegions = (
				en,
				Base,
			);
			mainGroup = 275B83471D5C2ADC00C867D5;
			productRefGroup = 275B83511D5C2ADC00C867D5 /* Products */;
			projectDirPath = "";
			projectRoot = "";
			targets = (
				275B834F1D5C2ADC00C867D5 /* ChangeNavColor */,
			);
		};
/* End PBXProject section */

/* Begin PBXResourcesBuildPhase section */
		275B834E1D5C2ADC00C867D5 /* Resources */ = {
			isa = PBXResourcesBuildPhase;
			buildActionMask = 2147483647;
			files = (
				275B83701D5C3C1B00C867D5 /* 2.html in Resources */,
				275B83631D5C2ADC00C867D5 /* LaunchScreen.storyboard in Resources */,
				275B83601D5C2ADC00C867D5 /* Assets.xcassets in Resources */,
				275B836E1D5C2CF200C867D5 /* 1.html in Resources */,
				275B835E1D5C2ADC00C867D5 /* Main.storyboard in Resources */,
			);
			runOnlyForDeploymentPostprocessing = 0;
		};
/* End PBXResourcesBuildPhase section */

/* Begin PBXSourcesBuildPhase section */
		275B834C1D5C2ADC00C867D5 /* Sources */ = {
			isa = PBXSourcesBuildPhase;
			buildActionMask = 2147483647;
			files = (
				275B835B1D5C2ADC00C867D5 /* ViewController.m in Sources */,
				275B83581D5C2ADC00C867D5 /* AppDelegate.m in Sources */,
				275B83741D5C3E9800C867D5 /* UIColor+Create.m in Sources */,
				275B837B1D5C73BF00C867D5 /* JSExportCameraImplement.m in Sources */,
				275B83551D5C2ADC00C867D5 /* main.m in Sources */,
				275B83771D5C5F3A00C867D5 /* UIWebView+JavaScriptTool.m in Sources */,
				275B836C1D5C2BCA00C867D5 /* WebViewController.m in Sources */,
			);
			runOnlyForDeploymentPostprocessing = 0;
		};
/* End PBXSourcesBuildPhase section */

/* Begin PBXVariantGroup section */
		275B835C1D5C2ADC00C867D5 /* Main.storyboard */ = {
			isa = PBXVariantGroup;
			children = (
				275B835D1D5C2ADC00C867D5 /* Base */,
			);
			name = Main.storyboard;
			sourceTree = "<group>";
		};
		275B83611D5C2ADC00C867D5 /* LaunchScreen.storyboard */ = {
			isa = PBXVariantGroup;
			children = (
				275B83621D5C2ADC00C867D5 /* Base */,
			);
			name = LaunchScreen.storyboard;
			sourceTree = "<group>";
		};
/* End PBXVariantGroup section */

/* Begin XCBuildConfiguration section */
		275B83651D5C2ADC00C867D5 /* Debug */ = {
			isa = XCBuildConfiguration;
			buildSettings = {
				ALWAYS_SEARCH_USER_PATHS = NO;
				CLANG_ANALYZER_NONNULL = YES;
				CLANG_CXX_LANGUAGE_STANDARD = "gnu++0x";
				CLANG_CXX_LIBRARY = "libc++";
				CLANG_ENABLE_MODULES = YES;
				CLANG_ENABLE_OBJC_ARC = YES;
				CLANG_WARN_BOOL_CONVERSION = YES;
				CLANG_WARN_CONSTANT_CONVERSION = YES;
				CLANG_WARN_DIRECT_OBJC_ISA_USAGE = YES_ERROR;
				CLANG_WARN_EMPTY_BODY = YES;
				CLANG_WARN_ENUM_CONVERSION = YES;
				CLANG_WARN_INT_CONVERSION = YES;
				CLANG_WARN_OBJC_ROOT_CLASS = YES_ERROR;
				CLANG_WARN_UNREACHABLE_CODE = YES;
				CLANG_WARN__DUPLICATE_METHOD_MATCH = YES;
				"CODE_SIGN_IDENTITY[sdk=iphoneos*]" = "iPhone Developer";
				COPY_PHASE_STRIP = NO;
				DEBUG_INFORMATION_FORMAT = dwarf;
				ENABLE_STRICT_OBJC_MSGSEND = YES;
				ENABLE_TESTABILITY = YES;
				GCC_C_LANGUAGE_STANDARD = gnu99;
				GCC_DYNAMIC_NO_PIC = NO;
				GCC_NO_COMMON_BLOCKS = YES;
				GCC_OPTIMIZATION_LEVEL = 0;
				GCC_PREPROCESSOR_DEFINITIONS = (
					"DEBUG=1",
					"$(inherited)",
				);
				GCC_WARN_64_TO_32_BIT_CONVERSION = YES;
				GCC_WARN_ABOUT_RETURN_TYPE = YES_ERROR;
				GCC_WARN_UNDECLARED_SELECTOR = YES;
				GCC_WARN_UNINITIALIZED_AUTOS = YES_AGGRESSIVE;
				GCC_WARN_UNUSED_FUNCTION = YES;
				GCC_WARN_UNUSED_VARIABLE = YES;
				IPHONEOS_DEPLOYMENT_TARGET = 9.3;
				MTL_ENABLE_DEBUG_INFO = YES;
				ONLY_ACTIVE_ARCH = YES;
				SDKROOT = iphoneos;
				TARGETED_DEVICE_FAMILY = "1,2";
			};
			name = Debug;
		};
		275B83661D5C2ADC00C867D5 /* Release */ = {
			isa = XCBuildConfiguration;
			buildSettings = {
				ALWAYS_SEARCH_USER_PATHS = NO;
				CLANG_ANALYZER_NONNULL = YES;
				CLANG_CXX_LANGUAGE_STANDARD = "gnu++0x";
				CLANG_CXX_LIBRARY = "libc++";
				CLANG_ENABLE_MODULES = YES;
				CLANG_ENABLE_OBJC_ARC = YES;
				CLANG_WARN_BOOL_CONVERSION = YES;
				CLANG_WARN_CONSTANT_CONVERSION = YES;
				CLANG_WARN_DIRECT_OBJC_ISA_USAGE = YES_ERROR;
				CLANG_WARN_EMPTY_BODY = YES;
				CLANG_WARN_ENUM_CONVERSION = YES;
				CLANG_WARN_INT_CONVERSION = YES;
				CLANG_WARN_OBJC_ROOT_CLASS = YES_ERROR;
				CLANG_WARN_UNREACHABLE_CODE = YES;
				CLANG_WARN__DUPLICATE_METHOD_MATCH = YES;
				"CODE_SIGN_IDENTITY[sdk=iphoneos*]" = "iPhone Developer";
				COPY_PHASE_STRIP = NO;
				DEBUG_INFORMATION_FORMAT = "dwarf-with-dsym";
				ENABLE_NS_ASSERTIONS = NO;
				ENABLE_STRICT_OBJC_MSGSEND = YES;
				GCC_C_LANGUAGE_STANDARD = gnu99;
				GCC_NO_COMMON_BLOCKS = YES;
				GCC_WARN_64_TO_32_BIT_CONVERSION = YES;
				GCC_WARN_ABOUT_RETURN_TYPE = YES_ERROR;
				GCC_WARN_UNDECLARED_SELECTOR = YES;
				GCC_WARN_UNINITIALIZED_AUTOS = YES_AGGRESSIVE;
				GCC_WARN_UNUSED_FUNCTION = YES;
				GCC_WARN_UNUSED_VARIABLE = YES;
				IPHONEOS_DEPLOYMENT_TARGET = 9.3;
				MTL_ENABLE_DEBUG_INFO = NO;
				SDKROOT = iphoneos;
				TARGETED_DEVICE_FAMILY = "1,2";
				VALIDATE_PRODUCT = YES;
			};
			name = Release;
		};
		275B83681D5C2ADC00C867D5 /* Debug */ = {
			isa = XCBuildConfiguration;
			buildSettings = {
				ASSETCATALOG_COMPILER_APPICON_NAME = AppIcon;
				INFOPLIST_FILE = ChangeNavColor/Info.plist;
				LD_RUNPATH_SEARCH_PATHS = "$(inherited) @executable_path/Frameworks";
				PRODUCT_BUNDLE_IDENTIFIER = com.combanc.ChangeNavColor;
				PRODUCT_NAME = "$(TARGET_NAME)";
			};
			name = Debug;
		};
		275B83691D5C2ADC00C867D5 /* Release */ = {
			isa = XCBuildConfiguration;
			buildSettings = {
				ASSETCATALOG_COMPILER_APPICON_NAME = AppIcon;
				INFOPLIST_FILE = ChangeNavColor/Info.plist;
				LD_RUNPATH_SEARCH_PATHS = "$(inherited) @executable_path/Frameworks";
				PRODUCT_BUNDLE_IDENTIFIER = com.combanc.ChangeNavColor;
				PRODUCT_NAME = "$(TARGET_NAME)";
			};
			name = Release;
		};
/* End XCBuildConfiguration section */

/* Begin XCConfigurationList section */
		275B834B1D5C2ADC00C867D5 /* Build configuration list for PBXProject "ChangeNavColor" */ = {
			isa = XCConfigurationList;
			buildConfigurations = (
				275B83651D5C2ADC00C867D5 /* Debug */,
				275B83661D5C2ADC00C867D5 /* Release */,
			);
			defaultConfigurationIsVisible = 0;
			defaultConfigurationName = Release;
		};
		275B83671D5C2ADC00C867D5 /* Build configuration list for PBXNativeTarget "ChangeNavColor" */ = {
			isa = XCConfigurationList;
			buildConfigurations = (
				275B83681D5C2ADC00C867D5 /* Debug */,
				275B83691D5C2ADC00C867D5 /* Release */,
			);
			defaultConfigurationIsVisible = 0;
			defaultConfigurationName = Release;
		};
/* End XCConfigurationList section */
	};
	rootObject = 275B83481D5C2ADC00C867D5 /* Project object */;
}
